
Microsoft Visual Studio Solution File, Format Version 12.00
# Visual Studio Version 17
VisualStudioVersion = 17.2.32519.379
MinimumVisualStudioVersion = 10.0.40219.1
Project("{FAE04EC0-301F-11D3-BF4B-00C04F79EFBC}") = "CoreJwtExample", "CoreJwtExample\CoreJwtExample.csproj", "{E640BDCB-0C2A-4668-93F1-25EF43D5415B}"
EndProject
Global
	GlobalSection(SolutionConfigurationPlatforms) = preSolution
		Debug|Any CPU = Debug|Any CPU
		Release|Any CPU = Release|Any CPU
	EndGlobalSection
	GlobalSection(ProjectConfigurationPlatforms) = postSolution
		{E640BDCB-0C2A-4668-93F1-25EF43D5415B}.Debug|Any CPU.ActiveCfg = Debug|Any CPU
		{E640BDCB-0C2A-4668-93F1-25EF43D5415B}.Debug|Any CPU.Build.0 = Debug|Any CPU
		{E640BDCB-0C2A-4668-93F1-25EF43D5415B}.Release|Any CPU.ActiveCfg = Release|Any CPU
		{E640BDCB-0C2A-4668-93F1-25EF43D5415B}.Release|Any CPU.Build.0 = Release|Any CPU
	EndGlobalSection
	GlobalSection(SolutionProperties) = preSolution
		HideSolutionNode = FALSE
	EndGlobalSection
	GlobalSection(ExtensibilityGlobals) = postSolution
		SolutionGuid = {6A6CF826-7A26-4D3A-98B9-F9FC8A3EE508}
	EndGlobalSection
EndGlobal
